
Microsoft Visual Studio Solution File, Format Version 12.00
# Visual Studio Version 16
VisualStudioVersion = 16.0.29215.179
MinimumVisualStudioVersion = 10.0.40219.1
Project("{9A19103F-16F7-4668-BE54-9A1E7A4F7556}") = "MotionREST", "MotionREST\MotionREST.csproj", "{A092FC53-4900-4903-817A-E852ECFCD560}"
EndProject
Project("{FAE04EC0-301F-11D3-BF4B-00C04F79EFBC}") = "UDPCLlient1", "UDPCLlient1\UDPCLlient1.csproj", "{9DFDCCDF-3916-487A-9702-D70DF97A123A}"
EndProject
Global
	GlobalSection(SolutionConfigurationPlatforms) = preSolution
		Debug|Any CPU = Debug|Any CPU
		Release|Any CPU = Release|Any CPU
	EndGlobalSection
	GlobalSection(ProjectConfigurationPlatforms) = postSolution
		{A092FC53-4900-4903-817A-E852ECFCD560}.Debug|Any CPU.ActiveCfg = Debug|Any CPU
		{A092FC53-4900-4903-817A-E852ECFCD560}.Debug|Any CPU.Build.0 = Debug|Any CPU
		{A092FC53-4900-4903-817A-E852ECFCD560}.Release|Any CPU.ActiveCfg = Release|Any CPU
		{A092FC53-4900-4903-817A-E852ECFCD560}.Release|Any CPU.Build.0 = Release|Any CPU
		{9DFDCCDF-3916-487A-9702-D70DF97A123A}.Debug|Any CPU.ActiveCfg = Debug|Any CPU
		{9DFDCCDF-3916-487A-9702-D70DF97A123A}.Debug|Any CPU.Build.0 = Debug|Any CPU
		{9DFDCCDF-3916-487A-9702-D70DF97A123A}.Release|Any CPU.ActiveCfg = Release|Any CPU
		{9DFDCCDF-3916-487A-9702-D70DF97A123A}.Release|Any CPU.Build.0 = Release|Any CPU
	EndGlobalSection
	GlobalSection(SolutionProperties) = preSolution
		HideSolutionNode = FALSE
	EndGlobalSection
	GlobalSection(ExtensibilityGlobals) = postSolution
		SolutionGuid = {F8FFFCFF-40D6-43C7-B598-168DC2DC061F}
	EndGlobalSection
EndGlobal
